{
  "version": 4,
  "terraform_version": "1.12.2",
  "serial": 1,
  "lineage": "d937e3c8-c2bd-8029-1d4b-c18e63003909",
  "outputs": {
    "account_id": {
      "value": "063630845645",
      "type": "string"
    },
    "sns_topic_arn": {
      "value": null,
      "type": "string"
    },
    "sns_topic_name": {
      "value": null,
      "type": "string"
    }
  },
  "resources": [
    {
      "mode": "data",
      "type": "aws_caller_identity",
      "name": "current",
      "provider": "provider[\"registry.terraform.io/hashicorp/aws\"]",
      "instances": [
        {
          "schema_version": 0,
          "attributes": {
            "account_id": "063630845645",
            "arn": "arn:aws:iam::063630845645:root",
            "id": "063630845645",
            "user_id": "063630845645"
          },
          "sensitive_attributes": [],
          "identity_schema_version": 0
        }
      ]
    },
    {
      "mode": "managed",
      "type": "aws_cloudwatch_log_group",
      "name": "sns_delivery_logs",
      "provider": "provider[\"registry.terraform.io/hashicorp/aws\"]",
      "instances": [
        {
          "schema_version": 0,
          "attributes": {
            "arn": "arn:aws:logs:sa-east-1:063630845645:log-group:/aws/sns/deliveries/rocket-project-dev-sns-topic",
            "id": "/aws/sns/deliveries/rocket-project-dev-sns-topic",
            "kms_key_id": "",
            "log_group_class": "STANDARD",
            "name": "/aws/sns/deliveries/rocket-project-dev-sns-topic",
            "name_prefix": "",
            "region": "sa-east-1",
            "retention_in_days": 0,
            "skip_destroy": false,
            "tags": {
              "Environment": "dev",
              "Project": "rocket-project"
            },
            "tags_all": {
              "Environment": "dev",
              "Project": "rocket-project"
            }
          },
          "sensitive_attributes": [],
          "identity_schema_version": 0,
          "identity": {
            "account_id": "063630845645",
            "name": "/aws/sns/deliveries/rocket-project-dev-sns-topic",
            "region": "sa-east-1"
          },
          "private": "eyJzY2hlbWFfdmVyc2lvbiI6IjAifQ=="
        }
      ]
    }
  ],
  "check_results": null
}
