{
  "version": 4,
  "terraform_version": "1.12.2",
  "serial": 1,
  "lineage": "9e9b17f3-6a45-b704-d889-01c7e70786ed",
  "outputs": {
    "sns_logging_role_arn": {
      "value": "arn:aws:iam::063630845645:role/sns-delivery-logging-role-dev",
      "type": "string"
    },
    "sns_topic_arn": {
      "value": null,
      "type": "string"
    },
    "sns_topic_name": {
      "value": null,
      "type": "string"
    }
  },
  "resources": [
    {
      "mode": "managed",
      "type": "aws_iam_role",
      "name": "sns_delivery_logging_role",
      "provider": "provider[\"registry.terraform.io/hashicorp/aws\"]",
      "instances": [
        {
          "schema_version": 0,
          "attributes": {
            "arn": "arn:aws:iam::063630845645:role/sns-delivery-logging-role-dev",
            "assume_role_policy": "{\"Statement\":[{\"Action\":\"sts:AssumeRole\",\"Effect\":\"Allow\",\"Principal\":{\"Service\":\"sns.amazonaws.com\"}}],\"Version\":\"2012-10-17\"}",
            "create_date": "2025-10-19T20:56:18Z",
            "description": "",
            "force_detach_policies": false,
            "id": "sns-delivery-logging-role-dev",
            "inline_policy": [
              {
                "name": "sns-delivery-logging-policy",
                "policy": "{\"Version\":\"2012-10-17\",\"Statement\":[{\"Action\":[\"logs:CreateLogGroup\",\"logs:CreateLogStream\",\"logs:PutLogEvents\"],\"Effect\":\"Allow\",\"Resource\":\"arn:aws:logs:*:*:log-group:/aws/sns/*\"}]}"
              }
            ],
            "managed_policy_arns": [],
            "max_session_duration": 3600,
            "name": "sns-delivery-logging-role-dev",
            "name_prefix": "",
            "path": "/",
            "permissions_boundary": "",
            "tags": {},
            "tags_all": {},
            "unique_id": "AROAQ5UFRU3G67JGBNZVY"
          },
          "sensitive_attributes": [],
          "identity_schema_version": 0,
          "identity": {
            "account_id": "063630845645",
            "name": "sns-delivery-logging-role-dev"
          },
          "private": "eyJzY2hlbWFfdmVyc2lvbiI6IjAifQ=="
        }
      ]
    }
  ],
  "check_results": null
}
